
Microsoft Visual Studio Solution File, Format Version 11.00
# Visual Studio 2010
Project("{FAE04EC0-301F-11D3-BF4B-00C04F79EFBC}") = "Assembly-CSharp", "Assembly-CSharp.csproj", "{F1198CB5-4515-E6A3-FB21-0E82B561AA1F}"
EndProject
Project("{FAE04EC0-301F-11D3-BF4B-00C04F79EFBC}") = "Assembly-CSharp-Editor-firstpass", "Assembly-CSharp-Editor-firstpass.csproj", "{94D1BDC5-FAD7-CF94-F855-7CB98777BB8C}"
EndProject
Global
	GlobalSection(SolutionConfigurationPlatforms) = preSolution
		Debug|Any CPU = Debug|Any CPU
		Release|Any CPU = Release|Any CPU
	EndGlobalSection
	GlobalSection(ProjectConfigurationPlatforms) = postSolution
		{F1198CB5-4515-E6A3-FB21-0E82B561AA1F}.Debug|Any CPU.ActiveCfg = Debug|Any CPU
		{F1198CB5-4515-E6A3-FB21-0E82B561AA1F}.Debug|Any CPU.Build.0 = Debug|Any CPU
		{F1198CB5-4515-E6A3-FB21-0E82B561AA1F}.Release|Any CPU.ActiveCfg = Release|Any CPU
		{F1198CB5-4515-E6A3-FB21-0E82B561AA1F}.Release|Any CPU.Build.0 = Release|Any CPU
		{94D1BDC5-FAD7-CF94-F855-7CB98777BB8C}.Debug|Any CPU.ActiveCfg = Debug|Any CPU
		{94D1BDC5-FAD7-CF94-F855-7CB98777BB8C}.Debug|Any CPU.Build.0 = Debug|Any CPU
		{94D1BDC5-FAD7-CF94-F855-7CB98777BB8C}.Release|Any CPU.ActiveCfg = Release|Any CPU
		{94D1BDC5-FAD7-CF94-F855-7CB98777BB8C}.Release|Any CPU.Build.0 = Release|Any CPU
	EndGlobalSection
	GlobalSection(SolutionProperties) = preSolution
		HideSolutionNode = FALSE
	EndGlobalSection
	GlobalSection(MonoDevelopProperties) = preSolution
		StartupItem = Assembly-CSharp.csproj
	EndGlobalSection
EndGlobal
