
Microsoft Visual Studio Solution File, Format Version 12.00
# Visual Studio 15
Project("{FAE04EC0-301F-11D3-BF4B-00C04F79EFBC}") = "Assembly-CSharp", "Assembly-CSharp.csproj", "{4EA47C96-9F48-D889-D6DD-274855340A2D}"
EndProject
Project("{FAE04EC0-301F-11D3-BF4B-00C04F79EFBC}") = "Assembly-CSharp-Editor", "Assembly-CSharp-Editor.csproj", "{77EC8188-BBD7-15FE-A4E7-DFA9FEE946AA}"
EndProject
Global
	GlobalSection(SolutionConfigurationPlatforms) = preSolution
		Debug|Any CPU = Debug|Any CPU
		Release|Any CPU = Release|Any CPU
	EndGlobalSection
	GlobalSection(ProjectConfigurationPlatforms) = postSolution
		{4EA47C96-9F48-D889-D6DD-274855340A2D}.Debug|Any CPU.ActiveCfg = Debug|Any CPU
		{4EA47C96-9F48-D889-D6DD-274855340A2D}.Debug|Any CPU.Build.0 = Debug|Any CPU
		{4EA47C96-9F48-D889-D6DD-274855340A2D}.Release|Any CPU.ActiveCfg = Release|Any CPU
		{4EA47C96-9F48-D889-D6DD-274855340A2D}.Release|Any CPU.Build.0 = Release|Any CPU
		{77EC8188-BBD7-15FE-A4E7-DFA9FEE946AA}.Debug|Any CPU.ActiveCfg = Debug|Any CPU
		{77EC8188-BBD7-15FE-A4E7-DFA9FEE946AA}.Debug|Any CPU.Build.0 = Debug|Any CPU
		{77EC8188-BBD7-15FE-A4E7-DFA9FEE946AA}.Release|Any CPU.ActiveCfg = Release|Any CPU
		{77EC8188-BBD7-15FE-A4E7-DFA9FEE946AA}.Release|Any CPU.Build.0 = Release|Any CPU
	EndGlobalSection
	GlobalSection(SolutionProperties) = preSolution
		HideSolutionNode = FALSE
	EndGlobalSection
EndGlobal
